
Microsoft Visual Studio Solution File, Format Version 12.00
# Visual Studio 15
VisualStudioVersion = 15.0.28307.168
MinimumVisualStudioVersion = 10.0.40219.1
Project("{FAE04EC0-301F-11D3-BF4B-00C04F79EFBC}") = "RobotMove", "RobotMove\RobotMove.csproj", "{B13E0BDF-600F-41E7-80C7-B94B6D94164C}"
EndProject
Global
	GlobalSection(SolutionConfigurationPlatforms) = preSolution
		Debug|Any CPU = Debug|Any CPU
		Release|Any CPU = Release|Any CPU
	EndGlobalSection
	GlobalSection(ProjectConfigurationPlatforms) = postSolution
		{B13E0BDF-600F-41E7-80C7-B94B6D94164C}.Debug|Any CPU.ActiveCfg = Debug|Any CPU
		{B13E0BDF-600F-41E7-80C7-B94B6D94164C}.Debug|Any CPU.Build.0 = Debug|Any CPU
		{B13E0BDF-600F-41E7-80C7-B94B6D94164C}.Release|Any CPU.ActiveCfg = Release|Any CPU
		{B13E0BDF-600F-41E7-80C7-B94B6D94164C}.Release|Any CPU.Build.0 = Release|Any CPU
	EndGlobalSection
	GlobalSection(SolutionProperties) = preSolution
		HideSolutionNode = FALSE
	EndGlobalSection
	GlobalSection(ExtensibilityGlobals) = postSolution
		SolutionGuid = {CF3DAD24-BFCE-4972-A8C8-732A1B4045BA}
	EndGlobalSection
EndGlobal
